
Microsoft Visual Studio Solution File, Format Version 12.00
# Visual Studio 2013
VisualStudioVersion = 12.0.31101.0
MinimumVisualStudioVersion = 10.0.40219.1
Project("{FAE04EC0-301F-11D3-BF4B-00C04F79EFBC}") = "Grinder", "Grinder\Grinder.csproj", "{3F5F4BA0-A433-46DF-AE6E-71B2132051C8}"
EndProject
Project("{FAE04EC0-301F-11D3-BF4B-00C04F79EFBC}") = "GrinderUnitTests", "GrinderUnitTests\GrinderUnitTests.csproj", "{F3D5BAC3-2210-4A97-B8FE-872A19BDF058}"
EndProject
Project("{FAE04EC0-301F-11D3-BF4B-00C04F79EFBC}") = "CsLua", "CsLua\CsLua.csproj", "{B91182F7-751E-46EB-8549-3D9AB6E34B7F}"
EndProject
Project("{FAE04EC0-301F-11D3-BF4B-00C04F79EFBC}") = "BlizzardApi", "BlizzardApi\BlizzardApi.csproj", "{4FA81A8F-BE0D-4DAD-9E55-0AD7146FC259}"
EndProject
Project("{FAE04EC0-301F-11D3-BF4B-00C04F79EFBC}") = "Lua", "Lua\Lua.csproj", "{E9EBE6E6-D167-480A-AC2C-B6A00D5B8715}"
EndProject
Project("{FAE04EC0-301F-11D3-BF4B-00C04F79EFBC}") = "GrinderIntegrationTests", "GrinderIntegrationTests\GrinderIntegrationTests.csproj", "{8EF6C7B3-AA92-46E4-8B02-995D8359E865}"
EndProject
Project("{FAE04EC0-301F-11D3-BF4B-00C04F79EFBC}") = "WoWSimulator", "WoWSimulator\WoWSimulator.csproj", "{90089C84-D04E-4953-BE7D-3B2A9BE1C819}"
EndProject
Project("{FAE04EC0-301F-11D3-BF4B-00C04F79EFBC}") = "CsLuaTestUtils", "CsLuaTestUtils\CsLuaTestUtils.csproj", "{52B30640-CBF4-43DB-93B1-7B1D66C48924}"
EndProject
Global
	GlobalSection(SolutionConfigurationPlatforms) = preSolution
		Debug|Any CPU = Debug|Any CPU
		Release|Any CPU = Release|Any CPU
	EndGlobalSection
	GlobalSection(ProjectConfigurationPlatforms) = postSolution
		{3F5F4BA0-A433-46DF-AE6E-71B2132051C8}.Debug|Any CPU.ActiveCfg = Debug|Any CPU
		{3F5F4BA0-A433-46DF-AE6E-71B2132051C8}.Debug|Any CPU.Build.0 = Debug|Any CPU
		{3F5F4BA0-A433-46DF-AE6E-71B2132051C8}.Release|Any CPU.ActiveCfg = Release|Any CPU
		{3F5F4BA0-A433-46DF-AE6E-71B2132051C8}.Release|Any CPU.Build.0 = Release|Any CPU
		{F3D5BAC3-2210-4A97-B8FE-872A19BDF058}.Debug|Any CPU.ActiveCfg = Debug|Any CPU
		{F3D5BAC3-2210-4A97-B8FE-872A19BDF058}.Debug|Any CPU.Build.0 = Debug|Any CPU
		{F3D5BAC3-2210-4A97-B8FE-872A19BDF058}.Release|Any CPU.ActiveCfg = Release|Any CPU
		{F3D5BAC3-2210-4A97-B8FE-872A19BDF058}.Release|Any CPU.Build.0 = Release|Any CPU
		{B91182F7-751E-46EB-8549-3D9AB6E34B7F}.Debug|Any CPU.ActiveCfg = Debug|Any CPU
		{B91182F7-751E-46EB-8549-3D9AB6E34B7F}.Debug|Any CPU.Build.0 = Debug|Any CPU
		{B91182F7-751E-46EB-8549-3D9AB6E34B7F}.Release|Any CPU.ActiveCfg = Release|Any CPU
		{B91182F7-751E-46EB-8549-3D9AB6E34B7F}.Release|Any CPU.Build.0 = Release|Any CPU
		{4FA81A8F-BE0D-4DAD-9E55-0AD7146FC259}.Debug|Any CPU.ActiveCfg = Debug|Any CPU
		{4FA81A8F-BE0D-4DAD-9E55-0AD7146FC259}.Debug|Any CPU.Build.0 = Debug|Any CPU
		{4FA81A8F-BE0D-4DAD-9E55-0AD7146FC259}.Release|Any CPU.ActiveCfg = Release|Any CPU
		{4FA81A8F-BE0D-4DAD-9E55-0AD7146FC259}.Release|Any CPU.Build.0 = Release|Any CPU
		{E9EBE6E6-D167-480A-AC2C-B6A00D5B8715}.Debug|Any CPU.ActiveCfg = Debug|Any CPU
		{E9EBE6E6-D167-480A-AC2C-B6A00D5B8715}.Debug|Any CPU.Build.0 = Debug|Any CPU
		{E9EBE6E6-D167-480A-AC2C-B6A00D5B8715}.Release|Any CPU.ActiveCfg = Release|Any CPU
		{E9EBE6E6-D167-480A-AC2C-B6A00D5B8715}.Release|Any CPU.Build.0 = Release|Any CPU
		{8EF6C7B3-AA92-46E4-8B02-995D8359E865}.Debug|Any CPU.ActiveCfg = Debug|Any CPU
		{8EF6C7B3-AA92-46E4-8B02-995D8359E865}.Debug|Any CPU.Build.0 = Debug|Any CPU
		{8EF6C7B3-AA92-46E4-8B02-995D8359E865}.Release|Any CPU.ActiveCfg = Release|Any CPU
		{8EF6C7B3-AA92-46E4-8B02-995D8359E865}.Release|Any CPU.Build.0 = Release|Any CPU
		{90089C84-D04E-4953-BE7D-3B2A9BE1C819}.Debug|Any CPU.ActiveCfg = Debug|Any CPU
		{90089C84-D04E-4953-BE7D-3B2A9BE1C819}.Debug|Any CPU.Build.0 = Debug|Any CPU
		{90089C84-D04E-4953-BE7D-3B2A9BE1C819}.Release|Any CPU.ActiveCfg = Release|Any CPU
		{90089C84-D04E-4953-BE7D-3B2A9BE1C819}.Release|Any CPU.Build.0 = Release|Any CPU
		{52B30640-CBF4-43DB-93B1-7B1D66C48924}.Debug|Any CPU.ActiveCfg = Debug|Any CPU
		{52B30640-CBF4-43DB-93B1-7B1D66C48924}.Debug|Any CPU.Build.0 = Debug|Any CPU
		{52B30640-CBF4-43DB-93B1-7B1D66C48924}.Release|Any CPU.ActiveCfg = Release|Any CPU
		{52B30640-CBF4-43DB-93B1-7B1D66C48924}.Release|Any CPU.Build.0 = Release|Any CPU
	EndGlobalSection
	GlobalSection(SolutionProperties) = preSolution
		HideSolutionNode = FALSE
	EndGlobalSection
EndGlobal
