
Microsoft Visual Studio Solution File, Format Version 12.00
# Visual Studio 14
VisualStudioVersion = 14.0.25123.0
MinimumVisualStudioVersion = 10.0.40219.1
Project("{FAE04EC0-301F-11D3-BF4B-00C04F79EFBC}") = "GHG", "GHG\GHG.csproj", "{3D230DD5-49B6-44CD-9793-000C3B1315B2}"
EndProject
Project("{FAE04EC0-301F-11D3-BF4B-00C04F79EFBC}") = "GH", "GH\GH.csproj", "{5933B9F8-E802-41A9-AE65-FAF31DD3D5DD}"
EndProject
Project("{FAE04EC0-301F-11D3-BF4B-00C04F79EFBC}") = "BlizzardApi", "BlizzardApi\BlizzardApi.csproj", "{4FA81A8F-BE0D-4DAD-9E55-0AD7146FC259}"
EndProject
Project("{FAE04EC0-301F-11D3-BF4B-00C04F79EFBC}") = "GHF", "GHF\GHF.csproj", "{2A3CA7E7-7D67-4EDA-A534-D52C5358BDDD}"
EndProject
Project("{FAE04EC0-301F-11D3-BF4B-00C04F79EFBC}") = "GHD", "GHD\GHD.csproj", "{8E16CBA7-81AC-4B92-BCDE-EE72E5687BAD}"
EndProject
Project("{FAE04EC0-301F-11D3-BF4B-00C04F79EFBC}") = "GHX", "GHX\GHX.csproj", "{1669F998-3C3C-4C41-BB16-B2F37D962FDD}"
EndProject
Project("{FAE04EC0-301F-11D3-BF4B-00C04F79EFBC}") = "Tests", "Tests\Tests.csproj", "{9E9DDC27-BD76-45CC-9F20-25EC7568C86D}"
EndProject
Project("{FAE04EC0-301F-11D3-BF4B-00C04F79EFBC}") = "GHI", "GHI\GHI.csproj", "{AF929778-D501-43D1-892D-3D92278D2C3F}"
EndProject
Project("{FAE04EC0-301F-11D3-BF4B-00C04F79EFBC}") = "GHM", "GHM\GHM.csproj", "{A27954BB-8AD4-44E0-95AF-2BAD787156F8}"
EndProject
Project("{2150E333-8FDC-42A3-9474-1A3956D46DE8}") = "Solution Items", "Solution Items", "{C556D712-26DC-4B26-AE65-2BED47104EC1}"
	ProjectSection(SolutionItems) = preProject
		CsLuaConverter\CsToLua.exe = CsLuaConverter\CsToLua.exe
		CsLuaConverter\CsToLua.pdb = CsLuaConverter\CsToLua.pdb
		CsLuaConverter\Microsoft.CodeAnalysis.CSharp.dll = CsLuaConverter\Microsoft.CodeAnalysis.CSharp.dll
		CsLuaConverter\Microsoft.CodeAnalysis.CSharp.Workspaces.dll = CsLuaConverter\Microsoft.CodeAnalysis.CSharp.Workspaces.dll
		CsLuaConverter\Microsoft.CodeAnalysis.dll = CsLuaConverter\Microsoft.CodeAnalysis.dll
		CsLuaConverter\Microsoft.CodeAnalysis.Workspaces.dll = CsLuaConverter\Microsoft.CodeAnalysis.Workspaces.dll
		CsLuaConverter\System.Collections.Immutable.dll = CsLuaConverter\System.Collections.Immutable.dll
		CsLuaConverter\System.Reflection.Metadata.dll = CsLuaConverter\System.Reflection.Metadata.dll
	EndProjectSection
EndProject
Project("{FAE04EC0-301F-11D3-BF4B-00C04F79EFBC}") = "GHC", "GHC\GHC.csproj", "{4B177D62-5E1F-4839-AB79-C4E3B6CD78F7}"
EndProject
Project("{FAE04EC0-301F-11D3-BF4B-00C04F79EFBC}") = "WoWSimulator", "WoWSimulator\WoWSimulator.csproj", "{90089C84-D04E-4953-BE7D-3B2A9BE1C819}"
EndProject
Project("{FAE04EC0-301F-11D3-BF4B-00C04F79EFBC}") = "CsLuaConverterTrigger", "CsLuaConverterTrigger\CsLuaConverterTrigger.csproj", "{EC566057-5A19-4C78-8528-21DD7484D147}"
EndProject
Project("{FAE04EC0-301F-11D3-BF4B-00C04F79EFBC}") = "MenuTest", "MenuTest\MenuTest.csproj", "{342F64F4-25CF-422F-9575-5E123F7D02E4}"
EndProject
Project("{FAE04EC0-301F-11D3-BF4B-00C04F79EFBC}") = "TestUtils", "TestUtils\TestUtils.csproj", "{52B30640-CBF4-43DB-93B1-7B1D66C48924}"
EndProject
Project("{FAE04EC0-301F-11D3-BF4B-00C04F79EFBC}") = "GH.UnitTests", "GH.UnitTests\GH.UnitTests.csproj", "{440E7FED-F4D8-44D4-BC7B-1A53EE11D58E}"
EndProject
Global
	GlobalSection(SolutionConfigurationPlatforms) = preSolution
		Debug|Any CPU = Debug|Any CPU
		Release|Any CPU = Release|Any CPU
	EndGlobalSection
	GlobalSection(ProjectConfigurationPlatforms) = postSolution
		{3D230DD5-49B6-44CD-9793-000C3B1315B2}.Debug|Any CPU.ActiveCfg = Debug|Any CPU
		{3D230DD5-49B6-44CD-9793-000C3B1315B2}.Debug|Any CPU.Build.0 = Debug|Any CPU
		{3D230DD5-49B6-44CD-9793-000C3B1315B2}.Release|Any CPU.ActiveCfg = Release|Any CPU
		{3D230DD5-49B6-44CD-9793-000C3B1315B2}.Release|Any CPU.Build.0 = Release|Any CPU
		{5933B9F8-E802-41A9-AE65-FAF31DD3D5DD}.Debug|Any CPU.ActiveCfg = Debug|Any CPU
		{5933B9F8-E802-41A9-AE65-FAF31DD3D5DD}.Debug|Any CPU.Build.0 = Debug|Any CPU
		{5933B9F8-E802-41A9-AE65-FAF31DD3D5DD}.Release|Any CPU.ActiveCfg = Release|Any CPU
		{5933B9F8-E802-41A9-AE65-FAF31DD3D5DD}.Release|Any CPU.Build.0 = Release|Any CPU
		{4FA81A8F-BE0D-4DAD-9E55-0AD7146FC259}.Debug|Any CPU.ActiveCfg = Debug|Any CPU
		{4FA81A8F-BE0D-4DAD-9E55-0AD7146FC259}.Debug|Any CPU.Build.0 = Debug|Any CPU
		{4FA81A8F-BE0D-4DAD-9E55-0AD7146FC259}.Debug|Any CPU.Deploy.0 = Debug|Any CPU
		{4FA81A8F-BE0D-4DAD-9E55-0AD7146FC259}.Release|Any CPU.ActiveCfg = Release|Any CPU
		{4FA81A8F-BE0D-4DAD-9E55-0AD7146FC259}.Release|Any CPU.Build.0 = Release|Any CPU
		{4FA81A8F-BE0D-4DAD-9E55-0AD7146FC259}.Release|Any CPU.Deploy.0 = Release|Any CPU
		{2A3CA7E7-7D67-4EDA-A534-D52C5358BDDD}.Debug|Any CPU.ActiveCfg = Debug|Any CPU
		{2A3CA7E7-7D67-4EDA-A534-D52C5358BDDD}.Debug|Any CPU.Build.0 = Debug|Any CPU
		{2A3CA7E7-7D67-4EDA-A534-D52C5358BDDD}.Release|Any CPU.ActiveCfg = Release|Any CPU
		{2A3CA7E7-7D67-4EDA-A534-D52C5358BDDD}.Release|Any CPU.Build.0 = Release|Any CPU
		{8E16CBA7-81AC-4B92-BCDE-EE72E5687BAD}.Debug|Any CPU.ActiveCfg = Debug|Any CPU
		{8E16CBA7-81AC-4B92-BCDE-EE72E5687BAD}.Debug|Any CPU.Build.0 = Debug|Any CPU
		{8E16CBA7-81AC-4B92-BCDE-EE72E5687BAD}.Release|Any CPU.ActiveCfg = Release|Any CPU
		{8E16CBA7-81AC-4B92-BCDE-EE72E5687BAD}.Release|Any CPU.Build.0 = Release|Any CPU
		{1669F998-3C3C-4C41-BB16-B2F37D962FDD}.Debug|Any CPU.ActiveCfg = Debug|Any CPU
		{1669F998-3C3C-4C41-BB16-B2F37D962FDD}.Debug|Any CPU.Build.0 = Debug|Any CPU
		{1669F998-3C3C-4C41-BB16-B2F37D962FDD}.Release|Any CPU.ActiveCfg = Release|Any CPU
		{1669F998-3C3C-4C41-BB16-B2F37D962FDD}.Release|Any CPU.Build.0 = Release|Any CPU
		{9E9DDC27-BD76-45CC-9F20-25EC7568C86D}.Debug|Any CPU.ActiveCfg = Debug|Any CPU
		{9E9DDC27-BD76-45CC-9F20-25EC7568C86D}.Debug|Any CPU.Build.0 = Debug|Any CPU
		{9E9DDC27-BD76-45CC-9F20-25EC7568C86D}.Release|Any CPU.ActiveCfg = Release|Any CPU
		{9E9DDC27-BD76-45CC-9F20-25EC7568C86D}.Release|Any CPU.Build.0 = Release|Any CPU
		{AF929778-D501-43D1-892D-3D92278D2C3F}.Debug|Any CPU.ActiveCfg = Debug|Any CPU
		{AF929778-D501-43D1-892D-3D92278D2C3F}.Debug|Any CPU.Build.0 = Debug|Any CPU
		{AF929778-D501-43D1-892D-3D92278D2C3F}.Release|Any CPU.ActiveCfg = Release|Any CPU
		{AF929778-D501-43D1-892D-3D92278D2C3F}.Release|Any CPU.Build.0 = Release|Any CPU
		{A27954BB-8AD4-44E0-95AF-2BAD787156F8}.Debug|Any CPU.ActiveCfg = Debug|Any CPU
		{A27954BB-8AD4-44E0-95AF-2BAD787156F8}.Debug|Any CPU.Build.0 = Debug|Any CPU
		{A27954BB-8AD4-44E0-95AF-2BAD787156F8}.Release|Any CPU.ActiveCfg = Release|Any CPU
		{A27954BB-8AD4-44E0-95AF-2BAD787156F8}.Release|Any CPU.Build.0 = Release|Any CPU
		{4B177D62-5E1F-4839-AB79-C4E3B6CD78F7}.Debug|Any CPU.ActiveCfg = Debug|Any CPU
		{4B177D62-5E1F-4839-AB79-C4E3B6CD78F7}.Debug|Any CPU.Build.0 = Debug|Any CPU
		{4B177D62-5E1F-4839-AB79-C4E3B6CD78F7}.Release|Any CPU.ActiveCfg = Release|Any CPU
		{4B177D62-5E1F-4839-AB79-C4E3B6CD78F7}.Release|Any CPU.Build.0 = Release|Any CPU
		{90089C84-D04E-4953-BE7D-3B2A9BE1C819}.Debug|Any CPU.ActiveCfg = Debug|Any CPU
		{90089C84-D04E-4953-BE7D-3B2A9BE1C819}.Debug|Any CPU.Build.0 = Debug|Any CPU
		{90089C84-D04E-4953-BE7D-3B2A9BE1C819}.Release|Any CPU.ActiveCfg = Release|Any CPU
		{90089C84-D04E-4953-BE7D-3B2A9BE1C819}.Release|Any CPU.Build.0 = Release|Any CPU
		{EC566057-5A19-4C78-8528-21DD7484D147}.Debug|Any CPU.ActiveCfg = Debug|Any CPU
		{EC566057-5A19-4C78-8528-21DD7484D147}.Debug|Any CPU.Build.0 = Debug|Any CPU
		{EC566057-5A19-4C78-8528-21DD7484D147}.Release|Any CPU.ActiveCfg = Release|Any CPU
		{EC566057-5A19-4C78-8528-21DD7484D147}.Release|Any CPU.Build.0 = Release|Any CPU
		{342F64F4-25CF-422F-9575-5E123F7D02E4}.Debug|Any CPU.ActiveCfg = Debug|Any CPU
		{342F64F4-25CF-422F-9575-5E123F7D02E4}.Debug|Any CPU.Build.0 = Debug|Any CPU
		{342F64F4-25CF-422F-9575-5E123F7D02E4}.Release|Any CPU.ActiveCfg = Release|Any CPU
		{342F64F4-25CF-422F-9575-5E123F7D02E4}.Release|Any CPU.Build.0 = Release|Any CPU
		{52B30640-CBF4-43DB-93B1-7B1D66C48924}.Debug|Any CPU.ActiveCfg = Debug|Any CPU
		{52B30640-CBF4-43DB-93B1-7B1D66C48924}.Debug|Any CPU.Build.0 = Debug|Any CPU
		{52B30640-CBF4-43DB-93B1-7B1D66C48924}.Release|Any CPU.ActiveCfg = Release|Any CPU
		{52B30640-CBF4-43DB-93B1-7B1D66C48924}.Release|Any CPU.Build.0 = Release|Any CPU
		{440E7FED-F4D8-44D4-BC7B-1A53EE11D58E}.Debug|Any CPU.ActiveCfg = Debug|Any CPU
		{440E7FED-F4D8-44D4-BC7B-1A53EE11D58E}.Debug|Any CPU.Build.0 = Debug|Any CPU
		{440E7FED-F4D8-44D4-BC7B-1A53EE11D58E}.Release|Any CPU.ActiveCfg = Release|Any CPU
		{440E7FED-F4D8-44D4-BC7B-1A53EE11D58E}.Release|Any CPU.Build.0 = Release|Any CPU
	EndGlobalSection
	GlobalSection(SolutionProperties) = preSolution
		HideSolutionNode = FALSE
	EndGlobalSection
EndGlobal
