
Microsoft Visual Studio Solution File, Format Version 12.00
# Visual Studio 14
VisualStudioVersion = 14.0.25420.1
MinimumVisualStudioVersion = 10.0.40219.1
Project("{FAE04EC0-301F-11D3-BF4B-00C04F79EFBC}") = "GH.Utils.UnitTests", "GH.Utils.UnitTests\GH.Utils.UnitTests.csproj", "{440E7FED-F4D8-44D4-BC7B-1A53EE11D58E}"
EndProject
Project("{FAE04EC0-301F-11D3-BF4B-00C04F79EFBC}") = "GH.Utils", "GH.Utils\GH.Utils.csproj", "{BE5C7EC8-8D68-4895-A5ED-6EDF56A9B079}"
EndProject
Project("{FAE04EC0-301F-11D3-BF4B-00C04F79EFBC}") = "GH.Menu", "GH.Menu\GH.Menu.csproj", "{1475A556-282A-4D82-8694-2DD5AEBF3BF5}"
EndProject
Project("{FAE04EC0-301F-11D3-BF4B-00C04F79EFBC}") = "BlizzardApi", "BlizzardApi\BlizzardApi.csproj", "{4FA81A8F-BE0D-4DAD-9E55-0AD7146FC259}"
EndProject
Project("{FAE04EC0-301F-11D3-BF4B-00C04F79EFBC}") = "GH.Menu.UnitTests", "GH.Menu.UnitTests\GH.Menu.UnitTests.csproj", "{31D583CF-E9F7-4374-8C96-BDD12ED913E5}"
EndProject
Project("{FAE04EC0-301F-11D3-BF4B-00C04F79EFBC}") = "GH", "GH\GH.csproj", "{5933B9F8-E802-41A9-AE65-FAF31DD3D5DD}"
EndProject
Project("{FAE04EC0-301F-11D3-BF4B-00C04F79EFBC}") = "GH.CommonModules", "GH.CommonModules\GH.CommonModules.csproj", "{C348780D-78E6-463D-8690-016ABDAE6858}"
EndProject
Project("{FAE04EC0-301F-11D3-BF4B-00C04F79EFBC}") = "GH.Settings", "GH.Settings\GH.Settings.csproj", "{221634CB-5733-46EA-908E-1032A6421BA0}"
EndProject
Global
	GlobalSection(SolutionConfigurationPlatforms) = preSolution
		Debug|Any CPU = Debug|Any CPU
		Release|Any CPU = Release|Any CPU
	EndGlobalSection
	GlobalSection(ProjectConfigurationPlatforms) = postSolution
		{440E7FED-F4D8-44D4-BC7B-1A53EE11D58E}.Debug|Any CPU.ActiveCfg = Debug|Any CPU
		{440E7FED-F4D8-44D4-BC7B-1A53EE11D58E}.Debug|Any CPU.Build.0 = Debug|Any CPU
		{440E7FED-F4D8-44D4-BC7B-1A53EE11D58E}.Release|Any CPU.ActiveCfg = Release|Any CPU
		{440E7FED-F4D8-44D4-BC7B-1A53EE11D58E}.Release|Any CPU.Build.0 = Release|Any CPU
		{BE5C7EC8-8D68-4895-A5ED-6EDF56A9B079}.Debug|Any CPU.ActiveCfg = Debug|Any CPU
		{BE5C7EC8-8D68-4895-A5ED-6EDF56A9B079}.Debug|Any CPU.Build.0 = Debug|Any CPU
		{BE5C7EC8-8D68-4895-A5ED-6EDF56A9B079}.Release|Any CPU.ActiveCfg = Release|Any CPU
		{BE5C7EC8-8D68-4895-A5ED-6EDF56A9B079}.Release|Any CPU.Build.0 = Release|Any CPU
		{1475A556-282A-4D82-8694-2DD5AEBF3BF5}.Debug|Any CPU.ActiveCfg = Debug|Any CPU
		{1475A556-282A-4D82-8694-2DD5AEBF3BF5}.Debug|Any CPU.Build.0 = Debug|Any CPU
		{1475A556-282A-4D82-8694-2DD5AEBF3BF5}.Release|Any CPU.ActiveCfg = Release|Any CPU
		{1475A556-282A-4D82-8694-2DD5AEBF3BF5}.Release|Any CPU.Build.0 = Release|Any CPU
		{4FA81A8F-BE0D-4DAD-9E55-0AD7146FC259}.Debug|Any CPU.ActiveCfg = Debug|Any CPU
		{4FA81A8F-BE0D-4DAD-9E55-0AD7146FC259}.Debug|Any CPU.Build.0 = Debug|Any CPU
		{4FA81A8F-BE0D-4DAD-9E55-0AD7146FC259}.Release|Any CPU.ActiveCfg = Release|Any CPU
		{4FA81A8F-BE0D-4DAD-9E55-0AD7146FC259}.Release|Any CPU.Build.0 = Release|Any CPU
		{31D583CF-E9F7-4374-8C96-BDD12ED913E5}.Debug|Any CPU.ActiveCfg = Debug|Any CPU
		{31D583CF-E9F7-4374-8C96-BDD12ED913E5}.Debug|Any CPU.Build.0 = Debug|Any CPU
		{31D583CF-E9F7-4374-8C96-BDD12ED913E5}.Release|Any CPU.ActiveCfg = Release|Any CPU
		{31D583CF-E9F7-4374-8C96-BDD12ED913E5}.Release|Any CPU.Build.0 = Release|Any CPU
		{5933B9F8-E802-41A9-AE65-FAF31DD3D5DD}.Debug|Any CPU.ActiveCfg = Debug|Any CPU
		{5933B9F8-E802-41A9-AE65-FAF31DD3D5DD}.Debug|Any CPU.Build.0 = Debug|Any CPU
		{5933B9F8-E802-41A9-AE65-FAF31DD3D5DD}.Release|Any CPU.ActiveCfg = Release|Any CPU
		{5933B9F8-E802-41A9-AE65-FAF31DD3D5DD}.Release|Any CPU.Build.0 = Release|Any CPU
		{C348780D-78E6-463D-8690-016ABDAE6858}.Debug|Any CPU.ActiveCfg = Debug|Any CPU
		{C348780D-78E6-463D-8690-016ABDAE6858}.Debug|Any CPU.Build.0 = Debug|Any CPU
		{C348780D-78E6-463D-8690-016ABDAE6858}.Release|Any CPU.ActiveCfg = Release|Any CPU
		{C348780D-78E6-463D-8690-016ABDAE6858}.Release|Any CPU.Build.0 = Release|Any CPU
		{221634CB-5733-46EA-908E-1032A6421BA0}.Debug|Any CPU.ActiveCfg = Debug|Any CPU
		{221634CB-5733-46EA-908E-1032A6421BA0}.Debug|Any CPU.Build.0 = Debug|Any CPU
		{221634CB-5733-46EA-908E-1032A6421BA0}.Release|Any CPU.ActiveCfg = Release|Any CPU
		{221634CB-5733-46EA-908E-1032A6421BA0}.Release|Any CPU.Build.0 = Release|Any CPU
	EndGlobalSection
	GlobalSection(SolutionProperties) = preSolution
		HideSolutionNode = FALSE
	EndGlobalSection
EndGlobal
